
Microsoft Visual Studio Solution File, Format Version 12.00
# Visual Studio 15
VisualStudioVersion = 15.0.28010.2026
MinimumVisualStudioVersion = 10.0.40219.1
Project("{FAE04EC0-301F-11D3-BF4B-00C04F79EFBC}") = "MoqHelpers", "MoqHelpers\MoqHelpers.csproj", "{201CE90B-A3A8-4D8A-A84D-C761605D8A10}"
EndProject
Project("{FAE04EC0-301F-11D3-BF4B-00C04F79EFBC}") = "MoqHelpersTests", "MoqHelpersTests\MoqHelpersTests.csproj", "{8185000A-4E01-47EB-83C1-D395FB6E8414}"
EndProject
Global
	GlobalSection(SolutionConfigurationPlatforms) = preSolution
		Debug|Any CPU = Debug|Any CPU
		Release|Any CPU = Release|Any CPU
	EndGlobalSection
	GlobalSection(ProjectConfigurationPlatforms) = postSolution
		{201CE90B-A3A8-4D8A-A84D-C761605D8A10}.Debug|Any CPU.ActiveCfg = Debug|Any CPU
		{201CE90B-A3A8-4D8A-A84D-C761605D8A10}.Debug|Any CPU.Build.0 = Debug|Any CPU
		{201CE90B-A3A8-4D8A-A84D-C761605D8A10}.Release|Any CPU.ActiveCfg = Release|Any CPU
		{201CE90B-A3A8-4D8A-A84D-C761605D8A10}.Release|Any CPU.Build.0 = Release|Any CPU
		{8185000A-4E01-47EB-83C1-D395FB6E8414}.Debug|Any CPU.ActiveCfg = Debug|Any CPU
		{8185000A-4E01-47EB-83C1-D395FB6E8414}.Debug|Any CPU.Build.0 = Debug|Any CPU
		{8185000A-4E01-47EB-83C1-D395FB6E8414}.Release|Any CPU.ActiveCfg = Release|Any CPU
		{8185000A-4E01-47EB-83C1-D395FB6E8414}.Release|Any CPU.Build.0 = Release|Any CPU
	EndGlobalSection
	GlobalSection(SolutionProperties) = preSolution
		HideSolutionNode = FALSE
	EndGlobalSection
	GlobalSection(ExtensibilityGlobals) = postSolution
		SolutionGuid = {84B7ED7A-EC7E-486E-81B0-2738DA7ED2E1}
	EndGlobalSection
EndGlobal
